
Microsoft Visual Studio Solution File, Format Version 12.00
# Visual Studio Version 16
VisualStudioVersion = 16.0.31402.337
MinimumVisualStudioVersion = 10.0.40219.1
Project("{FAE04EC0-301F-11D3-BF4B-00C04F79EFBC}") = "BaiTap_3", "BaiTap_3\BaiTap_3.csproj", "{76017E49-F3F5-43F1-8497-99EF90770136}"
EndProject
Global
	GlobalSection(SolutionConfigurationPlatforms) = preSolution
		Debug|Any CPU = Debug|Any CPU
		Release|Any CPU = Release|Any CPU
	EndGlobalSection
	GlobalSection(ProjectConfigurationPlatforms) = postSolution
		{76017E49-F3F5-43F1-8497-99EF90770136}.Debug|Any CPU.ActiveCfg = Debug|Any CPU
		{76017E49-F3F5-43F1-8497-99EF90770136}.Debug|Any CPU.Build.0 = Debug|Any CPU
		{76017E49-F3F5-43F1-8497-99EF90770136}.Release|Any CPU.ActiveCfg = Release|Any CPU
		{76017E49-F3F5-43F1-8497-99EF90770136}.Release|Any CPU.Build.0 = Release|Any CPU
	EndGlobalSection
	GlobalSection(SolutionProperties) = preSolution
		HideSolutionNode = FALSE
	EndGlobalSection
	GlobalSection(ExtensibilityGlobals) = postSolution
		SolutionGuid = {38B96DAD-A821-4404-B724-F96E69ABB996}
	EndGlobalSection
EndGlobal
